// !$*UTF8*$!
{
	archiveVersion = 1;
	classes = {
	};
	objectVersion = 55;
	objects = {

/* Begin PBXBuildFile section */
		334CEDAA282EBA3B00F1D178 /* iSpringApp.swift in Sources */ = {isa = PBXBuildFile; fileRef = 334CEDA9282EBA3B00F1D178 /* iSpringApp.swift */; };
		334CEDAC282EBA3B00F1D178 /* ContentView.swift in Sources */ = {isa = PBXBuildFile; fileRef = 334CEDAB282EBA3B00F1D178 /* ContentView.swift */; };
		334CEDAE282EBA4000F1D178 /* Assets.xcassets in Resources */ = {isa = PBXBuildFile; fileRef = 334CEDAD282EBA4000F1D178 /* Assets.xcassets */; };
		334CEDB1282EBA4000F1D178 /* Preview Assets.xcassets in Resources */ = {isa = PBXBuildFile; fileRef = 334CEDB0282EBA4000F1D178 /* Preview Assets.xcassets */; };
		334CEDBC282EBA4000F1D178 /* iSpringTests.swift in Sources */ = {isa = PBXBuildFile; fileRef = 334CEDBB282EBA4000F1D178 /* iSpringTests.swift */; };
		334CEDC6282EBA4000F1D178 /* iSpringUITests.swift in Sources */ = {isa = PBXBuildFile; fileRef = 334CEDC5282EBA4000F1D178 /* iSpringUITests.swift */; };
		334CEDC8282EBA4000F1D178 /* iSpringUITestsLaunchTests.swift in Sources */ = {isa = PBXBuildFile; fileRef = 334CEDC7282EBA4000F1D178 /* iSpringUITestsLaunchTests.swift */; };
/* End PBXBuildFile section */

/* Begin PBXContainerItemProxy section */
		334CEDB8282EBA4000F1D178 /* PBXContainerItemProxy */ = {
			isa = PBXContainerItemProxy;
			containerPortal = 334CED9E282EBA3A00F1D178 /* Project object */;
			proxyType = 1;
			remoteGlobalIDString = 334CEDA5282EBA3B00F1D178;
			remoteInfo = iSpring;
		};
		334CEDC2282EBA4000F1D178 /* PBXContainerItemProxy */ = {
			isa = PBXContainerItemProxy;
			containerPortal = 334CED9E282EBA3A00F1D178 /* Project object */;
			proxyType = 1;
			remoteGlobalIDString = 334CEDA5282EBA3B00F1D178;
			remoteInfo = iSpring;
		};
/* End PBXContainerItemProxy section */

/* Begin PBXFileReference section */
		334CEDA6282EBA3B00F1D178 /* iSpring.app */ = {isa = PBXFileReference; explicitFileType = wrapper.application; includeInIndex = 0; path = iSpring.app; sourceTree = BUILT_PRODUCTS_DIR; };
		334CEDA9282EBA3B00F1D178 /* iSpringApp.swift */ = {isa = PBXFileReference; lastKnownFileType = sourcecode.swift; path = iSpringApp.swift; sourceTree = "<group>"; };
		334CEDAB282EBA3B00F1D178 /* ContentView.swift */ = {isa = PBXFileReference; lastKnownFileType = sourcecode.swift; path = ContentView.swift; sourceTree = "<group>"; };
		334CEDAD282EBA4000F1D178 /* Assets.xcassets */ = {isa = PBXFileReference; lastKnownFileType = folder.assetcatalog; path = Assets.xcassets; sourceTree = "<group>"; };
		334CEDB0282EBA4000F1D178 /* Preview Assets.xcassets */ = {isa = PBXFileReference; lastKnownFileType = folder.assetcatalog; path = "Preview Assets.xcassets"; sourceTree = "<group>"; };
		334CEDB2282EBA4000F1D178 /* iSpring.entitlements */ = {isa = PBXFileReference; lastKnownFileType = text.plist.entitlements; path = iSpring.entitlements; sourceTree = "<group>"; };
		334CEDB7282EBA4000F1D178 /* iSpringTests.xctest */ = {isa = PBXFileReference; explicitFileType = wrapper.cfbundle; includeInIndex = 0; path = iSpringTests.xctest; sourceTree = BUILT_PRODUCTS_DIR; };
		334CEDBB282EBA4000F1D178 /* iSpringTests.swift */ = {isa = PBXFileReference; lastKnownFileType = sourcecode.swift; path = iSpringTests.swift; sourceTree = "<group>"; };
		334CEDC1282EBA4000F1D178 /* iSpringUITests.xctest */ = {isa = PBXFileReference; explicitFileType = wrapper.cfbundle; includeInIndex = 0; path = iSpringUITests.xctest; sourceTree = BUILT_PRODUCTS_DIR; };
		334CEDC5282EBA4000F1D178 /* iSpringUITests.swift */ = {isa = PBXFileReference; lastKnownFileType = sourcecode.swift; path = iSpringUITests.swift; sourceTree = "<group>"; };
		334CEDC7282EBA4000F1D178 /* iSpringUITestsLaunchTests.swift */ = {isa = PBXFileReference; lastKnownFileType = sourcecode.swift; path = iSpringUITestsLaunchTests.swift; sourceTree = "<group>"; };
/* End PBXFileReference section */

/* Begin PBXFrameworksBuildPhase section */
		334CEDA3282EBA3B00F1D178 /* Frameworks */ = {
			isa = PBXFrameworksBuildPhase;
			buildActionMask = 2147483647;
			files = (
			);
			runOnlyForDeploymentPostprocessing = 0;
		};
		334CEDB4282EBA4000F1D178 /* Frameworks */ = {
			isa = PBXFrameworksBuildPhase;
			buildActionMask = 2147483647;
			files = (
			);
			runOnlyForDeploymentPostprocessing = 0;
		};
		334CEDBE282EBA4000F1D178 /* Frameworks */ = {
			isa = PBXFrameworksBuildPhase;
			buildActionMask = 2147483647;
			files = (
			);
			runOnlyForDeploymentPostprocessing = 0;
		};
/* End PBXFrameworksBuildPhase section */

/* Begin PBXGroup section */
		334CED9D282EBA3A00F1D178 = {
			isa = PBXGroup;
			children = (
				334CEDA8282EBA3B00F1D178 /* iSpring */,
				334CEDBA282EBA4000F1D178 /* iSpringTests */,
				334CEDC4282EBA4000F1D178 /* iSpringUITests */,
				334CEDA7282EBA3B00F1D178 /* Products */,
			);
			sourceTree = "<group>";
		};
		334CEDA7282EBA3B00F1D178 /* Products */ = {
			isa = PBXGroup;
			children = (
				334CEDA6282EBA3B00F1D178 /* iSpring.app */,
				334CEDB7282EBA4000F1D178 /* iSpringTests.xctest */,
				334CEDC1282EBA4000F1D178 /* iSpringUITests.xctest */,
			);
			name = Products;
			sourceTree = "<group>";
		};
		334CEDA8282EBA3B00F1D178 /* iSpring */ = {
			isa = PBXGroup;
			children = (
				334CEDA9282EBA3B00F1D178 /* iSpringApp.swift */,
				334CEDAB282EBA3B00F1D178 /* ContentView.swift */,
				334CEDAD282EBA4000F1D178 /* Assets.xcassets */,
				334CEDB2282EBA4000F1D178 /* iSpring.entitlements */,
				334CEDAF282EBA4000F1D178 /* Preview Content */,
			);
			path = iSpring;
			sourceTree = "<group>";
		};
		334CEDAF282EBA4000F1D178 /* Preview Content */ = {
			isa = PBXGroup;
			children = (
				334CEDB0282EBA4000F1D178 /* Preview Assets.xcassets */,
			);
			path = "Preview Content";
			sourceTree = "<group>";
		};
		334CEDBA282EBA4000F1D178 /* iSpringTests */ = {
			isa = PBXGroup;
			children = (
				334CEDBB282EBA4000F1D178 /* iSpringTests.swift */,
			);
			path = iSpringTests;
			sourceTree = "<group>";
		};
		334CEDC4282EBA4000F1D178 /* iSpringUITests */ = {
			isa = PBXGroup;
			children = (
				334CEDC5282EBA4000F1D178 /* iSpringUITests.swift */,
				334CEDC7282EBA4000F1D178 /* iSpringUITestsLaunchTests.swift */,
			);
			path = iSpringUITests;
			sourceTree = "<group>";
		};
/* End PBXGroup section */

/* Begin PBXNativeTarget section */
		334CEDA5282EBA3B00F1D178 /* iSpring */ = {
			isa = PBXNativeTarget;
			buildConfigurationList = 334CEDCB282EBA4000F1D178 /* Build configuration list for PBXNativeTarget "iSpring" */;
			buildPhases = (
				334CEDA2282EBA3B00F1D178 /* Sources */,
				334CEDA3282EBA3B00F1D178 /* Frameworks */,
				334CEDA4282EBA3B00F1D178 /* Resources */,
			);
			buildRules = (
			);
			dependencies = (
			);
			name = iSpring;
			productName = iSpring;
			productReference = 334CEDA6282EBA3B00F1D178 /* iSpring.app */;
			productType = "com.apple.product-type.application";
		};
		334CEDB6282EBA4000F1D178 /* iSpringTests */ = {
			isa = PBXNativeTarget;
			buildConfigurationList = 334CEDCE282EBA4000F1D178 /* Build configuration list for PBXNativeTarget "iSpringTests" */;
			buildPhases = (
				334CEDB3282EBA4000F1D178 /* Sources */,
				334CEDB4282EBA4000F1D178 /* Frameworks */,
				334CEDB5282EBA4000F1D178 /* Resources */,
			);
			buildRules = (
			);
			dependencies = (
				334CEDB9282EBA4000F1D178 /* PBXTargetDependency */,
			);
			name = iSpringTests;
			productName = iSpringTests;
			productReference = 334CEDB7282EBA4000F1D178 /* iSpringTests.xctest */;
			productType = "com.apple.product-type.bundle.unit-test";
		};
		334CEDC0282EBA4000F1D178 /* iSpringUITests */ = {
			isa = PBXNativeTarget;
			buildConfigurationList = 334CEDD1282EBA4000F1D178 /* Build configuration list for PBXNativeTarget "iSpringUITests" */;
			buildPhases = (
				334CEDBD282EBA4000F1D178 /* Sources */,
				334CEDBE282EBA4000F1D178 /* Frameworks */,
				334CEDBF282EBA4000F1D178 /* Resources */,
			);
			buildRules = (
			);
			dependencies = (
				334CEDC3282EBA4000F1D178 /* PBXTargetDependency */,
			);
			name = iSpringUITests;
			productName = iSpringUITests;
			productReference = 334CEDC1282EBA4000F1D178 /* iSpringUITests.xctest */;
			productType = "com.apple.product-type.bundle.ui-testing";
		};
/* End PBXNativeTarget section */

/* Begin PBXProject section */
		334CED9E282EBA3A00F1D178 /* Project object */ = {
			isa = PBXProject;
			attributes = {
				BuildIndependentTargetsInParallel = 1;
				LastSwiftUpdateCheck = 1310;
				LastUpgradeCheck = 1310;
				TargetAttributes = {
					334CEDA5282EBA3B00F1D178 = {
						CreatedOnToolsVersion = 13.1;
					};
					334CEDB6282EBA4000F1D178 = {
						CreatedOnToolsVersion = 13.1;
						TestTargetID = 334CEDA5282EBA3B00F1D178;
					};
					334CEDC0282EBA4000F1D178 = {
						CreatedOnToolsVersion = 13.1;
						TestTargetID = 334CEDA5282EBA3B00F1D178;
					};
				};
			};
			buildConfigurationList = 334CEDA1282EBA3A00F1D178 /* Build configuration list for PBXProject "iSpring" */;
			compatibilityVersion = "Xcode 13.0";
			developmentRegion = en;
			hasScannedForEncodings = 0;
			knownRegions = (
				en,
				Base,
			);
			mainGroup = 334CED9D282EBA3A00F1D178;
			productRefGroup = 334CEDA7282EBA3B00F1D178 /* Products */;
			projectDirPath = "";
			projectRoot = "";
			targets = (
				334CEDA5282EBA3B00F1D178 /* iSpring */,
				334CEDB6282EBA4000F1D178 /* iSpringTests */,
				334CEDC0282EBA4000F1D178 /* iSpringUITests */,
			);
		};
/* End PBXProject section */

/* Begin PBXResourcesBuildPhase section */
		334CEDA4282EBA3B00F1D178 /* Resources */ = {
			isa = PBXResourcesBuildPhase;
			buildActionMask = 2147483647;
			files = (
				334CEDB1282EBA4000F1D178 /* Preview Assets.xcassets in Resources */,
				334CEDAE282EBA4000F1D178 /* Assets.xcassets in Resources */,
			);
			runOnlyForDeploymentPostprocessing = 0;
		};
		334CEDB5282EBA4000F1D178 /* Resources */ = {
			isa = PBXResourcesBuildPhase;
			buildActionMask = 2147483647;
			files = (
			);
			runOnlyForDeploymentPostprocessing = 0;
		};
		334CEDBF282EBA4000F1D178 /* Resources */ = {
			isa = PBXResourcesBuildPhase;
			buildActionMask = 2147483647;
			files = (
			);
			runOnlyForDeploymentPostprocessing = 0;
		};
/* End PBXResourcesBuildPhase section */

/* Begin PBXSourcesBuildPhase section */
		334CEDA2282EBA3B00F1D178 /* Sources */ = {
			isa = PBXSourcesBuildPhase;
			buildActionMask = 2147483647;
			files = (
				334CEDAC282EBA3B00F1D178 /* ContentView.swift in Sources */,
				334CEDAA282EBA3B00F1D178 /* iSpringApp.swift in Sources */,
			);
			runOnlyForDeploymentPostprocessing = 0;
		};
		334CEDB3282EBA4000F1D178 /* Sources */ = {
			isa = PBXSourcesBuildPhase;
			buildActionMask = 2147483647;
			files = (
				334CEDBC282EBA4000F1D178 /* iSpringTests.swift in Sources */,
			);
			runOnlyForDeploymentPostprocessing = 0;
		};
		334CEDBD282EBA4000F1D178 /* Sources */ = {
			isa = PBXSourcesBuildPhase;
			buildActionMask = 2147483647;
			files = (
				334CEDC6282EBA4000F1D178 /* iSpringUITests.swift in Sources */,
				334CEDC8282EBA4000F1D178 /* iSpringUITestsLaunchTests.swift in Sources */,
			);
			runOnlyForDeploymentPostprocessing = 0;
		};
/* End PBXSourcesBuildPhase section */

/* Begin PBXTargetDependency section */
		334CEDB9282EBA4000F1D178 /* PBXTargetDependency */ = {
			isa = PBXTargetDependency;
			target = 334CEDA5282EBA3B00F1D178 /* iSpring */;
			targetProxy = 334CEDB8282EBA4000F1D178 /* PBXContainerItemProxy */;
		};
		334CEDC3282EBA4000F1D178 /* PBXTargetDependency */ = {
			isa = PBXTargetDependency;
			target = 334CEDA5282EBA3B00F1D178 /* iSpring */;
			targetProxy = 334CEDC2282EBA4000F1D178 /* PBXContainerItemProxy */;
		};
/* End PBXTargetDependency section */

/* Begin XCBuildConfiguration section */
		334CEDC9282EBA4000F1D178 /* Debug */ = {
			isa = XCBuildConfiguration;
			buildSettings = {
				ALWAYS_SEARCH_USER_PATHS = NO;
				CLANG_ANALYZER_NONNULL = YES;
				CLANG_ANALYZER_NUMBER_OBJECT_CONVERSION = YES_AGGRESSIVE;
				CLANG_CXX_LANGUAGE_STANDARD = "gnu++17";
				CLANG_CXX_LIBRARY = "libc++";
				CLANG_ENABLE_MODULES = YES;
				CLANG_ENABLE_OBJC_ARC = YES;
				CLANG_ENABLE_OBJC_WEAK = YES;
				CLANG_WARN_BLOCK_CAPTURE_AUTORELEASING = YES;
				CLANG_WARN_BOOL_CONVERSION = YES;
				CLANG_WARN_COMMA = YES;
				CLANG_WARN_CONSTANT_CONVERSION = YES;
				CLANG_WARN_DEPRECATED_OBJC_IMPLEMENTATIONS = YES;
				CLANG_WARN_DIRECT_OBJC_ISA_USAGE = YES_ERROR;
				CLANG_WARN_DOCUMENTATION_COMMENTS = YES;
				CLANG_WARN_EMPTY_BODY = YES;
				CLANG_WARN_ENUM_CONVERSION = YES;
				CLANG_WARN_INFINITE_RECURSION = YES;
				CLANG_WARN_INT_CONVERSION = YES;
				CLANG_WARN_NON_LITERAL_NULL_CONVERSION = YES;
				CLANG_WARN_OBJC_IMPLICIT_RETAIN_SELF = YES;
				CLANG_WARN_OBJC_LITERAL_CONVERSION = YES;
				CLANG_WARN_OBJC_ROOT_CLASS = YES_ERROR;
				CLANG_WARN_QUOTED_INCLUDE_IN_FRAMEWORK_HEADER = YES;
				CLANG_WARN_RANGE_LOOP_ANALYSIS = YES;
				CLANG_WARN_STRICT_PROTOTYPES = YES;
				CLANG_WARN_SUSPICIOUS_MOVE = YES;
				CLANG_WARN_UNGUARDED_AVAILABILITY = YES_AGGRESSIVE;
				CLANG_WARN_UNREACHABLE_CODE = YES;
				CLANG_WARN__DUPLICATE_METHOD_MATCH = YES;
				COPY_PHASE_STRIP = NO;
				DEBUG_INFORMATION_FORMAT = dwarf;
				ENABLE_STRICT_OBJC_MSGSEND = YES;
				ENABLE_TESTABILITY = YES;
				GCC_C_LANGUAGE_STANDARD = gnu11;
				GCC_DYNAMIC_NO_PIC = NO;
				GCC_NO_COMMON_BLOCKS = YES;
				GCC_OPTIMIZATION_LEVEL = 0;
				GCC_PREPROCESSOR_DEFINITIONS = (
					"DEBUG=1",
					"$(inherited)",
				);
				GCC_WARN_64_TO_32_BIT_CONVERSION = YES;
				GCC_WARN_ABOUT_RETURN_TYPE = YES_ERROR;
				GCC_WARN_UNDECLARED_SELECTOR = YES;
				GCC_WARN_UNINITIALIZED_AUTOS = YES_AGGRESSIVE;
				GCC_WARN_UNUSED_FUNCTION = YES;
				GCC_WARN_UNUSED_VARIABLE = YES;
				MACOSX_DEPLOYMENT_TARGET = 11.6;
				MTL_ENABLE_DEBUG_INFO = INCLUDE_SOURCE;
				MTL_FAST_MATH = YES;
				ONLY_ACTIVE_ARCH = YES;
				SDKROOT = macosx;
				SWIFT_ACTIVE_COMPILATION_CONDITIONS = DEBUG;
				SWIFT_OPTIMIZATION_LEVEL = "-Onone";
			};
			name = Debug;
		};
		334CEDCA282EBA4000F1D178 /* Release */ = {
			isa = XCBuildConfiguration;
			buildSettings = {
				ALWAYS_SEARCH_USER_PATHS = NO;
				CLANG_ANALYZER_NONNULL = YES;
				CLANG_ANALYZER_NUMBER_OBJECT_CONVERSION = YES_AGGRESSIVE;
				CLANG_CXX_LANGUAGE_STANDARD = "gnu++17";
				CLANG_CXX_LIBRARY = "libc++";
				CLANG_ENABLE_MODULES = YES;
				CLANG_ENABLE_OBJC_ARC = YES;
				CLANG_ENABLE_OBJC_WEAK = YES;
				CLANG_WARN_BLOCK_CAPTURE_AUTORELEASING = YES;
				CLANG_WARN_BOOL_CONVERSION = YES;
				CLANG_WARN_COMMA = YES;
				CLANG_WARN_CONSTANT_CONVERSION = YES;
				CLANG_WARN_DEPRECATED_OBJC_IMPLEMENTATIONS = YES;
				CLANG_WARN_DIRECT_OBJC_ISA_USAGE = YES_ERROR;
				CLANG_WARN_DOCUMENTATION_COMMENTS = YES;
				CLANG_WARN_EMPTY_BODY = YES;
				CLANG_WARN_ENUM_CONVERSION = YES;
				CLANG_WARN_INFINITE_RECURSION = YES;
				CLANG_WARN_INT_CONVERSION = YES;
				CLANG_WARN_NON_LITERAL_NULL_CONVERSION = YES;
				CLANG_WARN_OBJC_IMPLICIT_RETAIN_SELF = YES;
				CLANG_WARN_OBJC_LITERAL_CONVERSION = YES;
				CLANG_WARN_OBJC_ROOT_CLASS = YES_ERROR;
				CLANG_WARN_QUOTED_INCLUDE_IN_FRAMEWORK_HEADER = YES;
				CLANG_WARN_RANGE_LOOP_ANALYSIS = YES;
				CLANG_WARN_STRICT_PROTOTYPES = YES;
				CLANG_WARN_SUSPICIOUS_MOVE = YES;
				CLANG_WARN_UNGUARDED_AVAILABILITY = YES_AGGRESSIVE;
				CLANG_WARN_UNREACHABLE_CODE = YES;
				CLANG_WARN__DUPLICATE_METHOD_MATCH = YES;
				COPY_PHASE_STRIP = NO;
				DEBUG_INFORMATION_FORMAT = "dwarf-with-dsym";
				ENABLE_NS_ASSERTIONS = NO;
				ENABLE_STRICT_OBJC_MSGSEND = YES;
				GCC_C_LANGUAGE_STANDARD = gnu11;
				GCC_NO_COMMON_BLOCKS = YES;
				GCC_WARN_64_TO_32_BIT_CONVERSION = YES;
				GCC_WARN_ABOUT_RETURN_TYPE = YES_ERROR;
				GCC_WARN_UNDECLARED_SELECTOR = YES;
				GCC_WARN_UNINITIALIZED_AUTOS = YES_AGGRESSIVE;
				GCC_WARN_UNUSED_FUNCTION = YES;
				GCC_WARN_UNUSED_VARIABLE = YES;
				MACOSX_DEPLOYMENT_TARGET = 11.6;
				MTL_ENABLE_DEBUG_INFO = NO;
				MTL_FAST_MATH = YES;
				SDKROOT = macosx;
				SWIFT_COMPILATION_MODE = wholemodule;
				SWIFT_OPTIMIZATION_LEVEL = "-O";
			};
			name = Release;
		};
		334CEDCC282EBA4000F1D178 /* Debug */ = {
			isa = XCBuildConfiguration;
			buildSettings = {
				ASSETCATALOG_COMPILER_APPICON_NAME = AppIcon;
				ASSETCATALOG_COMPILER_GLOBAL_ACCENT_COLOR_NAME = AccentColor;
				CODE_SIGN_ENTITLEMENTS = iSpring/iSpring.entitlements;
				CODE_SIGN_STYLE = Automatic;
				COMBINE_HIDPI_IMAGES = YES;
				CURRENT_PROJECT_VERSION = 1;
				DEVELOPMENT_ASSET_PATHS = "\"iSpring/Preview Content\"";
				ENABLE_PREVIEWS = YES;
				GENERATE_INFOPLIST_FILE = YES;
				INFOPLIST_KEY_NSHumanReadableCopyright = "";
				LD_RUNPATH_SEARCH_PATHS = (
					"$(inherited)",
					"@executable_path/../Frameworks",
				);
				MARKETING_VERSION = 1.0;
				PRODUCT_BUNDLE_IDENTIFIER = "Zuhair-Shaikh.iSpring";
				PRODUCT_NAME = "$(TARGET_NAME)";
				SWIFT_EMIT_LOC_STRINGS = YES;
				SWIFT_VERSION = 5.0;
			};
			name = Debug;
		};
		334CEDCD282EBA4000F1D178 /* Release */ = {
			isa = XCBuildConfiguration;
			buildSettings = {
				ASSETCATALOG_COMPILER_APPICON_NAME = AppIcon;
				ASSETCATALOG_COMPILER_GLOBAL_ACCENT_COLOR_NAME = AccentColor;
				CODE_SIGN_ENTITLEMENTS = iSpring/iSpring.entitlements;
				CODE_SIGN_STYLE = Automatic;
				COMBINE_HIDPI_IMAGES = YES;
				CURRENT_PROJECT_VERSION = 1;
				DEVELOPMENT_ASSET_PATHS = "\"iSpring/Preview Content\"";
				ENABLE_PREVIEWS = YES;
				GENERATE_INFOPLIST_FILE = YES;
				INFOPLIST_KEY_NSHumanReadableCopyright = "";
				LD_RUNPATH_SEARCH_PATHS = (
					"$(inherited)",
					"@executable_path/../Frameworks",
				);
				MARKETING_VERSION = 1.0;
				PRODUCT_BUNDLE_IDENTIFIER = "Zuhair-Shaikh.iSpring";
				PRODUCT_NAME = "$(TARGET_NAME)";
				SWIFT_EMIT_LOC_STRINGS = YES;
				SWIFT_VERSION = 5.0;
			};
			name = Release;
		};
		334CEDCF282EBA4000F1D178 /* Debug */ = {
			isa = XCBuildConfiguration;
			buildSettings = {
				ALWAYS_EMBED_SWIFT_STANDARD_LIBRARIES = YES;
				BUNDLE_LOADER = "$(TEST_HOST)";
				CODE_SIGN_STYLE = Automatic;
				COMBINE_HIDPI_IMAGES = YES;
				CURRENT_PROJECT_VERSION = 1;
				GENERATE_INFOPLIST_FILE = YES;
				LD_RUNPATH_SEARCH_PATHS = (
					"$(inherited)",
					"@executable_path/../Frameworks",
					"@loader_path/../Frameworks",
				);
				MACOSX_DEPLOYMENT_TARGET = 11.6;
				MARKETING_VERSION = 1.0;
				PRODUCT_BUNDLE_IDENTIFIER = "Zuhair-Shaikh.iSpringTests";
				PRODUCT_NAME = "$(TARGET_NAME)";
				SWIFT_EMIT_LOC_STRINGS = NO;
				SWIFT_VERSION = 5.0;
				TEST_HOST = "$(BUILT_PRODUCTS_DIR)/iSpring.app/Contents/MacOS/iSpring";
			};
			name = Debug;
		};
		334CEDD0282EBA4000F1D178 /* Release */ = {
			isa = XCBuildConfiguration;
			buildSettings = {
				ALWAYS_EMBED_SWIFT_STANDARD_LIBRARIES = YES;
				BUNDLE_LOADER = "$(TEST_HOST)";
				CODE_SIGN_STYLE = Automatic;
				COMBINE_HIDPI_IMAGES = YES;
				CURRENT_PROJECT_VERSION = 1;
				GENERATE_INFOPLIST_FILE = YES;
				LD_RUNPATH_SEARCH_PATHS = (
					"$(inherited)",
					"@executable_path/../Frameworks",
					"@loader_path/../Frameworks",
				);
				MACOSX_DEPLOYMENT_TARGET = 11.6;
				MARKETING_VERSION = 1.0;
				PRODUCT_BUNDLE_IDENTIFIER = "Zuhair-Shaikh.iSpringTests";
				PRODUCT_NAME = "$(TARGET_NAME)";
				SWIFT_EMIT_LOC_STRINGS = NO;
				SWIFT_VERSION = 5.0;
				TEST_HOST = "$(BUILT_PRODUCTS_DIR)/iSpring.app/Contents/MacOS/iSpring";
			};
			name = Release;
		};
		334CEDD2282EBA4000F1D178 /* Debug */ = {
			isa = XCBuildConfiguration;
			buildSettings = {
				ALWAYS_EMBED_SWIFT_STANDARD_LIBRARIES = YES;
				CODE_SIGN_STYLE = Automatic;
				COMBINE_HIDPI_IMAGES = YES;
				CURRENT_PROJECT_VERSION = 1;
				GENERATE_INFOPLIST_FILE = YES;
				LD_RUNPATH_SEARCH_PATHS = (
					"$(inherited)",
					"@executable_path/../Frameworks",
					"@loader_path/../Frameworks",
				);
				MARKETING_VERSION = 1.0;
				PRODUCT_BUNDLE_IDENTIFIER = "Zuhair-Shaikh.iSpringUITests";
				PRODUCT_NAME = "$(TARGET_NAME)";
				SWIFT_EMIT_LOC_STRINGS = NO;
				SWIFT_VERSION = 5.0;
				TEST_TARGET_NAME = iSpring;
			};
			name = Debug;
		};
		334CEDD3282EBA4000F1D178 /* Release */ = {
			isa = XCBuildConfiguration;
			buildSettings = {
				ALWAYS_EMBED_SWIFT_STANDARD_LIBRARIES = YES;
				CODE_SIGN_STYLE = Automatic;
				COMBINE_HIDPI_IMAGES = YES;
				CURRENT_PROJECT_VERSION = 1;
				GENERATE_INFOPLIST_FILE = YES;
				LD_RUNPATH_SEARCH_PATHS = (
					"$(inherited)",
					"@executable_path/../Frameworks",
					"@loader_path/../Frameworks",
				);
				MARKETING_VERSION = 1.0;
				PRODUCT_BUNDLE_IDENTIFIER = "Zuhair-Shaikh.iSpringUITests";
				PRODUCT_NAME = "$(TARGET_NAME)";
				SWIFT_EMIT_LOC_STRINGS = NO;
				SWIFT_VERSION = 5.0;
				TEST_TARGET_NAME = iSpring;
			};
			name = Release;
		};
/* End XCBuildConfiguration section */

/* Begin XCConfigurationList section */
		334CEDA1282EBA3A00F1D178 /* Build configuration list for PBXProject "iSpring" */ = {
			isa = XCConfigurationList;
			buildConfigurations = (
				334CEDC9282EBA4000F1D178 /* Debug */,
				334CEDCA282EBA4000F1D178 /* Release */,
			);
			defaultConfigurationIsVisible = 0;
			defaultConfigurationName = Release;
		};
		334CEDCB282EBA4000F1D178 /* Build configuration list for PBXNativeTarget "iSpring" */ = {
			isa = XCConfigurationList;
			buildConfigurations = (
				334CEDCC282EBA4000F1D178 /* Debug */,
				334CEDCD282EBA4000F1D178 /* Release */,
			);
			defaultConfigurationIsVisible = 0;
			defaultConfigurationName = Release;
		};
		334CEDCE282EBA4000F1D178 /* Build configuration list for PBXNativeTarget "iSpringTests" */ = {
			isa = XCConfigurationList;
			buildConfigurations = (
				334CEDCF282EBA4000F1D178 /* Debug */,
				334CEDD0282EBA4000F1D178 /* Release */,
			);
			defaultConfigurationIsVisible = 0;
			defaultConfigurationName = Release;
		};
		334CEDD1282EBA4000F1D178 /* Build configuration list for PBXNativeTarget "iSpringUITests" */ = {
			isa = XCConfigurationList;
			buildConfigurations = (
				334CEDD2282EBA4000F1D178 /* Debug */,
				334CEDD3282EBA4000F1D178 /* Release */,
			);
			defaultConfigurationIsVisible = 0;
			defaultConfigurationName = Release;
		};
/* End XCConfigurationList section */
	};
	rootObject = 334CED9E282EBA3A00F1D178 /* Project object */;
}
