// !$*UTF8*$!
{
	archiveVersion = 1;
	classes = {
	};
	objectVersion = 55;
	objects = {

/* Begin PBXBuildFile section */
		33A1479B2832A78600737AEA /* iSpringApp.swift in Sources */ = {isa = PBXBuildFile; fileRef = 33A1479A2832A78600737AEA /* iSpringApp.swift */; };
		33A1479D2832A78600737AEA /* ContentView.swift in Sources */ = {isa = PBXBuildFile; fileRef = 33A1479C2832A78600737AEA /* ContentView.swift */; };
		33A1479F2832A78C00737AEA /* Assets.xcassets in Resources */ = {isa = PBXBuildFile; fileRef = 33A1479E2832A78C00737AEA /* Assets.xcassets */; };
		33A147A22832A78C00737AEA /* Preview Assets.xcassets in Resources */ = {isa = PBXBuildFile; fileRef = 33A147A12832A78C00737AEA /* Preview Assets.xcassets */; };
		33A147AC2832A78D00737AEA /* iSpringTests.swift in Sources */ = {isa = PBXBuildFile; fileRef = 33A147AB2832A78D00737AEA /* iSpringTests.swift */; };
		33A147B62832A78D00737AEA /* iSpringUITests.swift in Sources */ = {isa = PBXBuildFile; fileRef = 33A147B52832A78D00737AEA /* iSpringUITests.swift */; };
		33A147B82832A78D00737AEA /* iSpringUITestsLaunchTests.swift in Sources */ = {isa = PBXBuildFile; fileRef = 33A147B72832A78D00737AEA /* iSpringUITestsLaunchTests.swift */; };
		C60786D42835F7F4009C7881 /* UserModel.swift in Sources */ = {isa = PBXBuildFile; fileRef = C60786D32835F7F4009C7881 /* UserModel.swift */; };
		C60786D62835F82D009C7881 /* ViewModel.swift in Sources */ = {isa = PBXBuildFile; fileRef = C60786D52835F82D009C7881 /* ViewModel.swift */; };
		C626D295284EA423007C3B3E /* UserRowView.swift in Sources */ = {isa = PBXBuildFile; fileRef = C626D294284EA423007C3B3E /* UserRowView.swift */; };
		C626D29A284EDF47007C3B3E /* SideMenuView.swift in Sources */ = {isa = PBXBuildFile; fileRef = C626D299284EDF46007C3B3E /* SideMenuView.swift */; };
		C626D29E284EDF72007C3B3E /* SideMenuViewModel.swift in Sources */ = {isa = PBXBuildFile; fileRef = C626D29D284EDF72007C3B3E /* SideMenuViewModel.swift */; };
		C626D2A0284F0B15007C3B3E /* SideMenuOptionRowView.swift in Sources */ = {isa = PBXBuildFile; fileRef = C626D29F284F0B15007C3B3E /* SideMenuOptionRowView.swift */; };
		C626D2A5284F8871007C3B3E /* NewSpringView.swift in Sources */ = {isa = PBXBuildFile; fileRef = C626D2A4284F8871007C3B3E /* NewSpringView.swift */; };
		C626D2A7284F8BE3007C3B3E /* NewSpringTextArea.swift in Sources */ = {isa = PBXBuildFile; fileRef = C626D2A6284F8BE3007C3B3E /* NewSpringTextArea.swift */; };
		C626D2AC284F974E007C3B3E /* LoginView.swift in Sources */ = {isa = PBXBuildFile; fileRef = C626D2AB284F974E007C3B3E /* LoginView.swift */; };
		C626D2AE284F975C007C3B3E /* SignUpView.swift in Sources */ = {isa = PBXBuildFile; fileRef = C626D2AD284F975C007C3B3E /* SignUpView.swift */; };
		C626D2B0284F9B4A007C3B3E /* RoundedShape.swift in Sources */ = {isa = PBXBuildFile; fileRef = C626D2AF284F9B4A007C3B3E /* RoundedShape.swift */; };
		C68FCB10283403EF000E4027 /* FirebaseAnalytics in Frameworks */ = {isa = PBXBuildFile; productRef = C68FCB0F283403EF000E4027 /* FirebaseAnalytics */; };
		C68FCB12283403EF000E4027 /* FirebaseAnalyticsWithoutAdIdSupport in Frameworks */ = {isa = PBXBuildFile; productRef = C68FCB11283403EF000E4027 /* FirebaseAnalyticsWithoutAdIdSupport */; };
		C68FCB14283403EF000E4027 /* FirebaseAuth in Frameworks */ = {isa = PBXBuildFile; productRef = C68FCB13283403EF000E4027 /* FirebaseAuth */; };
		C68FCB16283403EF000E4027 /* FirebaseFirestore in Frameworks */ = {isa = PBXBuildFile; productRef = C68FCB15283403EF000E4027 /* FirebaseFirestore */; };
		C6DC63EA284521F800F2C81A /* SpringFeedView.swift in Sources */ = {isa = PBXBuildFile; fileRef = C6DC63E9284521F800F2C81A /* SpringFeedView.swift */; };
		C6DC63ED2845232400F2C81A /* SpringRowView.swift in Sources */ = {isa = PBXBuildFile; fileRef = C6DC63EC2845232400F2C81A /* SpringRowView.swift */; };
		C6DC63F0284552B200F2C81A /* MainTabView.swift in Sources */ = {isa = PBXBuildFile; fileRef = C6DC63EF284552B200F2C81A /* MainTabView.swift */; };
		C6DC63F7284555CB00F2C81A /* ExploreView.swift in Sources */ = {isa = PBXBuildFile; fileRef = C6DC63F6284555CB00F2C81A /* ExploreView.swift */; };
		C6DC63F9284555E300F2C81A /* SavedSpringsView.swift in Sources */ = {isa = PBXBuildFile; fileRef = C6DC63F8284555E300F2C81A /* SavedSpringsView.swift */; };
		C6DC63FB2845561700F2C81A /* MessagesView.swift in Sources */ = {isa = PBXBuildFile; fileRef = C6DC63FA2845561700F2C81A /* MessagesView.swift */; };
		C6DC63FD2845562400F2C81A /* NotificationsView.swift in Sources */ = {isa = PBXBuildFile; fileRef = C6DC63FC2845562400F2C81A /* NotificationsView.swift */; };
		C6DC64022845C9C800F2C81A /* ProfileView.swift in Sources */ = {isa = PBXBuildFile; fileRef = C6DC64012845C9C700F2C81A /* ProfileView.swift */; };
		C6F3CE642833FF7F00CA607D /* GoogleService-Info.plist in Resources */ = {isa = PBXBuildFile; fileRef = C6F3CE632833FF7F00CA607D /* GoogleService-Info.plist */; };
		C6F3CE652833FF7F00CA607D /* GoogleService-Info.plist in Resources */ = {isa = PBXBuildFile; fileRef = C6F3CE632833FF7F00CA607D /* GoogleService-Info.plist */; };
		C6F3CE662833FF7F00CA607D /* GoogleService-Info.plist in Resources */ = {isa = PBXBuildFile; fileRef = C6F3CE632833FF7F00CA607D /* GoogleService-Info.plist */; };
/* End PBXBuildFile section */

/* Begin PBXContainerItemProxy section */
		33A147A82832A78D00737AEA /* PBXContainerItemProxy */ = {
			isa = PBXContainerItemProxy;
			containerPortal = 33A1478F2832A78600737AEA /* Project object */;
			proxyType = 1;
			remoteGlobalIDString = 33A147962832A78600737AEA;
			remoteInfo = iSpring;
		};
		33A147B22832A78D00737AEA /* PBXContainerItemProxy */ = {
			isa = PBXContainerItemProxy;
			containerPortal = 33A1478F2832A78600737AEA /* Project object */;
			proxyType = 1;
			remoteGlobalIDString = 33A147962832A78600737AEA;
			remoteInfo = iSpring;
		};
/* End PBXContainerItemProxy section */

/* Begin PBXFileReference section */
		33A147972832A78600737AEA /* iSpring.app */ = {isa = PBXFileReference; explicitFileType = wrapper.application; includeInIndex = 0; path = iSpring.app; sourceTree = BUILT_PRODUCTS_DIR; };
		33A1479A2832A78600737AEA /* iSpringApp.swift */ = {isa = PBXFileReference; lastKnownFileType = sourcecode.swift; path = iSpringApp.swift; sourceTree = "<group>"; };
		33A1479C2832A78600737AEA /* ContentView.swift */ = {isa = PBXFileReference; lastKnownFileType = sourcecode.swift; path = ContentView.swift; sourceTree = "<group>"; };
		33A1479E2832A78C00737AEA /* Assets.xcassets */ = {isa = PBXFileReference; lastKnownFileType = folder.assetcatalog; path = Assets.xcassets; sourceTree = "<group>"; };
		33A147A12832A78C00737AEA /* Preview Assets.xcassets */ = {isa = PBXFileReference; lastKnownFileType = folder.assetcatalog; path = "Preview Assets.xcassets"; sourceTree = "<group>"; };
		33A147A72832A78D00737AEA /* iSpringTests.xctest */ = {isa = PBXFileReference; explicitFileType = wrapper.cfbundle; includeInIndex = 0; path = iSpringTests.xctest; sourceTree = BUILT_PRODUCTS_DIR; };
		33A147AB2832A78D00737AEA /* iSpringTests.swift */ = {isa = PBXFileReference; lastKnownFileType = sourcecode.swift; path = iSpringTests.swift; sourceTree = "<group>"; };
		33A147B12832A78D00737AEA /* iSpringUITests.xctest */ = {isa = PBXFileReference; explicitFileType = wrapper.cfbundle; includeInIndex = 0; path = iSpringUITests.xctest; sourceTree = BUILT_PRODUCTS_DIR; };
		33A147B52832A78D00737AEA /* iSpringUITests.swift */ = {isa = PBXFileReference; lastKnownFileType = sourcecode.swift; path = iSpringUITests.swift; sourceTree = "<group>"; };
		33A147B72832A78D00737AEA /* iSpringUITestsLaunchTests.swift */ = {isa = PBXFileReference; lastKnownFileType = sourcecode.swift; path = iSpringUITestsLaunchTests.swift; sourceTree = "<group>"; };
		C60786D32835F7F4009C7881 /* UserModel.swift */ = {isa = PBXFileReference; lastKnownFileType = sourcecode.swift; path = UserModel.swift; sourceTree = "<group>"; };
		C60786D52835F82D009C7881 /* ViewModel.swift */ = {isa = PBXFileReference; lastKnownFileType = sourcecode.swift; path = ViewModel.swift; sourceTree = "<group>"; };
		C626D294284EA423007C3B3E /* UserRowView.swift */ = {isa = PBXFileReference; lastKnownFileType = sourcecode.swift; path = UserRowView.swift; sourceTree = "<group>"; };
		C626D299284EDF46007C3B3E /* SideMenuView.swift */ = {isa = PBXFileReference; lastKnownFileType = sourcecode.swift; path = SideMenuView.swift; sourceTree = "<group>"; };
		C626D29D284EDF72007C3B3E /* SideMenuViewModel.swift */ = {isa = PBXFileReference; lastKnownFileType = sourcecode.swift; path = SideMenuViewModel.swift; sourceTree = "<group>"; };
		C626D29F284F0B15007C3B3E /* SideMenuOptionRowView.swift */ = {isa = PBXFileReference; lastKnownFileType = sourcecode.swift; path = SideMenuOptionRowView.swift; sourceTree = "<group>"; };
		C626D2A4284F8871007C3B3E /* NewSpringView.swift */ = {isa = PBXFileReference; lastKnownFileType = sourcecode.swift; path = NewSpringView.swift; sourceTree = "<group>"; };
		C626D2A6284F8BE3007C3B3E /* NewSpringTextArea.swift */ = {isa = PBXFileReference; lastKnownFileType = sourcecode.swift; path = NewSpringTextArea.swift; sourceTree = "<group>"; };
		C626D2AB284F974E007C3B3E /* LoginView.swift */ = {isa = PBXFileReference; lastKnownFileType = sourcecode.swift; path = LoginView.swift; sourceTree = "<group>"; };
		C626D2AD284F975C007C3B3E /* SignUpView.swift */ = {isa = PBXFileReference; lastKnownFileType = sourcecode.swift; path = SignUpView.swift; sourceTree = "<group>"; };
		C626D2AF284F9B4A007C3B3E /* RoundedShape.swift */ = {isa = PBXFileReference; lastKnownFileType = sourcecode.swift; path = RoundedShape.swift; sourceTree = "<group>"; };
		C6DC63E9284521F800F2C81A /* SpringFeedView.swift */ = {isa = PBXFileReference; lastKnownFileType = sourcecode.swift; path = SpringFeedView.swift; sourceTree = "<group>"; };
		C6DC63EC2845232400F2C81A /* SpringRowView.swift */ = {isa = PBXFileReference; lastKnownFileType = sourcecode.swift; path = SpringRowView.swift; sourceTree = "<group>"; };
		C6DC63EF284552B200F2C81A /* MainTabView.swift */ = {isa = PBXFileReference; lastKnownFileType = sourcecode.swift; path = MainTabView.swift; sourceTree = "<group>"; };
		C6DC63F6284555CB00F2C81A /* ExploreView.swift */ = {isa = PBXFileReference; lastKnownFileType = sourcecode.swift; path = ExploreView.swift; sourceTree = "<group>"; };
		C6DC63F8284555E300F2C81A /* SavedSpringsView.swift */ = {isa = PBXFileReference; lastKnownFileType = sourcecode.swift; path = SavedSpringsView.swift; sourceTree = "<group>"; };
		C6DC63FA2845561700F2C81A /* MessagesView.swift */ = {isa = PBXFileReference; lastKnownFileType = sourcecode.swift; path = MessagesView.swift; sourceTree = "<group>"; };
		C6DC63FC2845562400F2C81A /* NotificationsView.swift */ = {isa = PBXFileReference; lastKnownFileType = sourcecode.swift; path = NotificationsView.swift; sourceTree = "<group>"; };
		C6DC64012845C9C700F2C81A /* ProfileView.swift */ = {isa = PBXFileReference; lastKnownFileType = sourcecode.swift; path = ProfileView.swift; sourceTree = "<group>"; };
		C6F3CE632833FF7F00CA607D /* GoogleService-Info.plist */ = {isa = PBXFileReference; fileEncoding = 4; lastKnownFileType = text.plist.xml; path = "GoogleService-Info.plist"; sourceTree = "<group>"; };
/* End PBXFileReference section */

/* Begin PBXFrameworksBuildPhase section */
		33A147942832A78600737AEA /* Frameworks */ = {
			isa = PBXFrameworksBuildPhase;
			buildActionMask = 2147483647;
			files = (
				C68FCB10283403EF000E4027 /* FirebaseAnalytics in Frameworks */,
				C68FCB16283403EF000E4027 /* FirebaseFirestore in Frameworks */,
				C68FCB14283403EF000E4027 /* FirebaseAuth in Frameworks */,
				C68FCB12283403EF000E4027 /* FirebaseAnalyticsWithoutAdIdSupport in Frameworks */,
			);
			runOnlyForDeploymentPostprocessing = 0;
		};
		33A147A42832A78D00737AEA /* Frameworks */ = {
			isa = PBXFrameworksBuildPhase;
			buildActionMask = 2147483647;
			files = (
			);
			runOnlyForDeploymentPostprocessing = 0;
		};
		33A147AE2832A78D00737AEA /* Frameworks */ = {
			isa = PBXFrameworksBuildPhase;
			buildActionMask = 2147483647;
			files = (
			);
			runOnlyForDeploymentPostprocessing = 0;
		};
/* End PBXFrameworksBuildPhase section */

/* Begin PBXGroup section */
		33A1478E2832A78600737AEA = {
			isa = PBXGroup;
			children = (
				33A147992832A78600737AEA /* iSpring */,
				33A147AA2832A78D00737AEA /* iSpringTests */,
				33A147B42832A78D00737AEA /* iSpringUITests */,
				33A147982832A78600737AEA /* Products */,
			);
			sourceTree = "<group>";
		};
		33A147982832A78600737AEA /* Products */ = {
			isa = PBXGroup;
			children = (
				33A147972832A78600737AEA /* iSpring.app */,
				33A147A72832A78D00737AEA /* iSpringTests.xctest */,
				33A147B12832A78D00737AEA /* iSpringUITests.xctest */,
			);
			name = Products;
			sourceTree = "<group>";
		};
		33A147992832A78600737AEA /* iSpring */ = {
			isa = PBXGroup;
			children = (
				C6DC63E328451F3C00F2C81A /* Extensions */,
				C6DC63E428451F4700F2C81A /* Model */,
				C6DC63E528451F5300F2C81A /* Service */,
				C6DC63E628451F5F00F2C81A /* Core */,
				33A1479A2832A78600737AEA /* iSpringApp.swift */,
				33A1479C2832A78600737AEA /* ContentView.swift */,
				C60786D32835F7F4009C7881 /* UserModel.swift */,
				C60786D52835F82D009C7881 /* ViewModel.swift */,
				33A1479E2832A78C00737AEA /* Assets.xcassets */,
				C6F3CE632833FF7F00CA607D /* GoogleService-Info.plist */,
				33A147A02832A78C00737AEA /* Preview Content */,
			);
			path = iSpring;
			sourceTree = "<group>";
		};
		33A147A02832A78C00737AEA /* Preview Content */ = {
			isa = PBXGroup;
			children = (
				33A147A12832A78C00737AEA /* Preview Assets.xcassets */,
			);
			path = "Preview Content";
			sourceTree = "<group>";
		};
		33A147AA2832A78D00737AEA /* iSpringTests */ = {
			isa = PBXGroup;
			children = (
				33A147AB2832A78D00737AEA /* iSpringTests.swift */,
			);
			path = iSpringTests;
			sourceTree = "<group>";
		};
		33A147B42832A78D00737AEA /* iSpringUITests */ = {
			isa = PBXGroup;
			children = (
				33A147B52832A78D00737AEA /* iSpringUITests.swift */,
				33A147B72832A78D00737AEA /* iSpringUITestsLaunchTests.swift */,
			);
			path = iSpringUITests;
			sourceTree = "<group>";
		};
		C626D290284EA328007C3B3E /* Views */ = {
			isa = PBXGroup;
			children = (
				C6DC63F6284555CB00F2C81A /* ExploreView.swift */,
			);
			path = Views;
			sourceTree = "<group>";
		};
		C626D291284EA333007C3B3E /* ViewModels */ = {
			isa = PBXGroup;
			children = (
			);
			path = ViewModels;
			sourceTree = "<group>";
		};
		C626D293284EA40B007C3B3E /* Users */ = {
			isa = PBXGroup;
			children = (
				C626D294284EA423007C3B3E /* UserRowView.swift */,
			);
			path = Users;
			sourceTree = "<group>";
		};
		C626D296284EDEF5007C3B3E /* SideMenu */ = {
			isa = PBXGroup;
			children = (
				C626D298284EDF36007C3B3E /* ViewModel */,
				C626D297284EDF24007C3B3E /* Views */,
			);
			path = SideMenu;
			sourceTree = "<group>";
		};
		C626D297284EDF24007C3B3E /* Views */ = {
			isa = PBXGroup;
			children = (
				C626D299284EDF46007C3B3E /* SideMenuView.swift */,
				C626D29F284F0B15007C3B3E /* SideMenuOptionRowView.swift */,
			);
			path = Views;
			sourceTree = "<group>";
		};
		C626D298284EDF36007C3B3E /* ViewModel */ = {
			isa = PBXGroup;
			children = (
				C626D29D284EDF72007C3B3E /* SideMenuViewModel.swift */,
			);
			path = ViewModel;
			sourceTree = "<group>";
		};
		C626D2A1284F8825007C3B3E /* UploadSpring */ = {
			isa = PBXGroup;
			children = (
				C626D2A2284F882E007C3B3E /* ViewModels */,
				C626D2A3284F8837007C3B3E /* Views */,
			);
			path = UploadSpring;
			sourceTree = "<group>";
		};
		C626D2A2284F882E007C3B3E /* ViewModels */ = {
			isa = PBXGroup;
			children = (
			);
			path = ViewModels;
			sourceTree = "<group>";
		};
		C626D2A3284F8837007C3B3E /* Views */ = {
			isa = PBXGroup;
			children = (
				C626D2A4284F8871007C3B3E /* NewSpringView.swift */,
			);
			path = Views;
			sourceTree = "<group>";
		};
		C626D2A8284F971B007C3B3E /* Authentication */ = {
			isa = PBXGroup;
			children = (
				C626D2AA284F972D007C3B3E /* ViewModels */,
				C626D2A9284F9726007C3B3E /* Views */,
			);
			path = Authentication;
			sourceTree = "<group>";
		};
		C626D2A9284F9726007C3B3E /* Views */ = {
			isa = PBXGroup;
			children = (
				C626D2AB284F974E007C3B3E /* LoginView.swift */,
				C626D2AD284F975C007C3B3E /* SignUpView.swift */,
			);
			path = Views;
			sourceTree = "<group>";
		};
		C626D2AA284F972D007C3B3E /* ViewModels */ = {
			isa = PBXGroup;
			children = (
			);
			path = ViewModels;
			sourceTree = "<group>";
		};
		C6A9DC422835562C006931BC /* ViewModels */ = {
			isa = PBXGroup;
			children = (
			);
			path = ViewModels;
			sourceTree = "<group>";
		};
		C6A9DC432835563F006931BC /* Views */ = {
			isa = PBXGroup;
			children = (
				C6DC63E9284521F800F2C81A /* SpringFeedView.swift */,
			);
			path = Views;
			sourceTree = "<group>";
		};
		C6DC63E328451F3C00F2C81A /* Extensions */ = {
			isa = PBXGroup;
			children = (
			);
			path = Extensions;
			sourceTree = "<group>";
		};
		C6DC63E428451F4700F2C81A /* Model */ = {
			isa = PBXGroup;
			children = (
			);
			path = Model;
			sourceTree = "<group>";
		};
		C6DC63E528451F5300F2C81A /* Service */ = {
			isa = PBXGroup;
			children = (
			);
			path = Service;
			sourceTree = "<group>";
		};
		C6DC63E628451F5F00F2C81A /* Core */ = {
			isa = PBXGroup;
			children = (
				C6DC63E828451F6D00F2C81A /* Components */,
				C626D2A8284F971B007C3B3E /* Authentication */,
				C626D2A1284F8825007C3B3E /* UploadSpring */,
				C6DC63FE2845C99C00F2C81A /* Profile */,
				C626D296284EDEF5007C3B3E /* SideMenu */,
				C6DC63F4284554A800F2C81A /* Explore */,
				C6DC63F52845556000F2C81A /* SavedSprings */,
				C6DC63F12845549B00F2C81A /* Messages */,
				C6DC63F2284554A200F2C81A /* Notifications */,
				C6DC63EE2845529A00F2C81A /* MainTab */,
				C6DC63E728451F6500F2C81A /* Feed */,
			);
			path = Core;
			sourceTree = "<group>";
		};
		C6DC63E728451F6500F2C81A /* Feed */ = {
			isa = PBXGroup;
			children = (
				C6A9DC422835562C006931BC /* ViewModels */,
				C6A9DC432835563F006931BC /* Views */,
			);
			path = Feed;
			sourceTree = "<group>";
		};
		C6DC63E828451F6D00F2C81A /* Components */ = {
			isa = PBXGroup;
			children = (
				C626D293284EA40B007C3B3E /* Users */,
				C6DC63EB284522F800F2C81A /* Springs */,
				C626D2A6284F8BE3007C3B3E /* NewSpringTextArea.swift */,
				C626D2AF284F9B4A007C3B3E /* RoundedShape.swift */,
			);
			path = Components;
			sourceTree = "<group>";
		};
		C6DC63EB284522F800F2C81A /* Springs */ = {
			isa = PBXGroup;
			children = (
				C6DC63EC2845232400F2C81A /* SpringRowView.swift */,
			);
			path = Springs;
			sourceTree = "<group>";
		};
		C6DC63EE2845529A00F2C81A /* MainTab */ = {
			isa = PBXGroup;
			children = (
				C6DC63EF284552B200F2C81A /* MainTabView.swift */,
			);
			path = MainTab;
			sourceTree = "<group>";
		};
		C6DC63F12845549B00F2C81A /* Messages */ = {
			isa = PBXGroup;
			children = (
				C6DC63FA2845561700F2C81A /* MessagesView.swift */,
			);
			path = Messages;
			sourceTree = "<group>";
		};
		C6DC63F2284554A200F2C81A /* Notifications */ = {
			isa = PBXGroup;
			children = (
				C6DC63FC2845562400F2C81A /* NotificationsView.swift */,
			);
			path = Notifications;
			sourceTree = "<group>";
		};
		C6DC63F4284554A800F2C81A /* Explore */ = {
			isa = PBXGroup;
			children = (
				C626D291284EA333007C3B3E /* ViewModels */,
				C626D290284EA328007C3B3E /* Views */,
			);
			path = Explore;
			sourceTree = "<group>";
		};
		C6DC63F52845556000F2C81A /* SavedSprings */ = {
			isa = PBXGroup;
			children = (
				C6DC63F8284555E300F2C81A /* SavedSpringsView.swift */,
			);
			path = SavedSprings;
			sourceTree = "<group>";
		};
		C6DC63FE2845C99C00F2C81A /* Profile */ = {
			isa = PBXGroup;
			children = (
				C6DC64002845C9B300F2C81A /* ViewModels */,
				C6DC63FF2845C9AB00F2C81A /* Views */,
			);
			path = Profile;
			sourceTree = "<group>";
		};
		C6DC63FF2845C9AB00F2C81A /* Views */ = {
			isa = PBXGroup;
			children = (
				C6DC64012845C9C700F2C81A /* ProfileView.swift */,
			);
			path = Views;
			sourceTree = "<group>";
		};
		C6DC64002845C9B300F2C81A /* ViewModels */ = {
			isa = PBXGroup;
			children = (
			);
			path = ViewModels;
			sourceTree = "<group>";
		};
/* End PBXGroup section */

/* Begin PBXNativeTarget section */
		33A147962832A78600737AEA /* iSpring */ = {
			isa = PBXNativeTarget;
			buildConfigurationList = 33A147BB2832A78D00737AEA /* Build configuration list for PBXNativeTarget "iSpring" */;
			buildPhases = (
				33A147932832A78600737AEA /* Sources */,
				33A147942832A78600737AEA /* Frameworks */,
				33A147952832A78600737AEA /* Resources */,
			);
			buildRules = (
			);
			dependencies = (
			);
			name = iSpring;
			packageProductDependencies = (
				C68FCB0F283403EF000E4027 /* FirebaseAnalytics */,
				C68FCB11283403EF000E4027 /* FirebaseAnalyticsWithoutAdIdSupport */,
				C68FCB13283403EF000E4027 /* FirebaseAuth */,
				C68FCB15283403EF000E4027 /* FirebaseFirestore */,
			);
			productName = iSpring;
			productReference = 33A147972832A78600737AEA /* iSpring.app */;
			productType = "com.apple.product-type.application";
		};
		33A147A62832A78D00737AEA /* iSpringTests */ = {
			isa = PBXNativeTarget;
			buildConfigurationList = 33A147BE2832A78D00737AEA /* Build configuration list for PBXNativeTarget "iSpringTests" */;
			buildPhases = (
				33A147A32832A78D00737AEA /* Sources */,
				33A147A42832A78D00737AEA /* Frameworks */,
				33A147A52832A78D00737AEA /* Resources */,
			);
			buildRules = (
			);
			dependencies = (
				33A147A92832A78D00737AEA /* PBXTargetDependency */,
			);
			name = iSpringTests;
			productName = iSpringTests;
			productReference = 33A147A72832A78D00737AEA /* iSpringTests.xctest */;
			productType = "com.apple.product-type.bundle.unit-test";
		};
		33A147B02832A78D00737AEA /* iSpringUITests */ = {
			isa = PBXNativeTarget;
			buildConfigurationList = 33A147C12832A78D00737AEA /* Build configuration list for PBXNativeTarget "iSpringUITests" */;
			buildPhases = (
				33A147AD2832A78D00737AEA /* Sources */,
				33A147AE2832A78D00737AEA /* Frameworks */,
				33A147AF2832A78D00737AEA /* Resources */,
			);
			buildRules = (
			);
			dependencies = (
				33A147B32832A78D00737AEA /* PBXTargetDependency */,
			);
			name = iSpringUITests;
			productName = iSpringUITests;
			productReference = 33A147B12832A78D00737AEA /* iSpringUITests.xctest */;
			productType = "com.apple.product-type.bundle.ui-testing";
		};
/* End PBXNativeTarget section */

/* Begin PBXProject section */
		33A1478F2832A78600737AEA /* Project object */ = {
			isa = PBXProject;
			attributes = {
				BuildIndependentTargetsInParallel = 1;
				LastSwiftUpdateCheck = 1310;
				LastUpgradeCheck = 1310;
				TargetAttributes = {
					33A147962832A78600737AEA = {
						CreatedOnToolsVersion = 13.1;
					};
					33A147A62832A78D00737AEA = {
						CreatedOnToolsVersion = 13.1;
						TestTargetID = 33A147962832A78600737AEA;
					};
					33A147B02832A78D00737AEA = {
						CreatedOnToolsVersion = 13.1;
						TestTargetID = 33A147962832A78600737AEA;
					};
				};
			};
			buildConfigurationList = 33A147922832A78600737AEA /* Build configuration list for PBXProject "iSpring" */;
			compatibilityVersion = "Xcode 13.0";
			developmentRegion = en;
			hasScannedForEncodings = 0;
			knownRegions = (
				en,
				Base,
			);
			mainGroup = 33A1478E2832A78600737AEA;
			packageReferences = (
				C68FCB0E283403EF000E4027 /* XCRemoteSwiftPackageReference "firebase-ios-sdk" */,
			);
			productRefGroup = 33A147982832A78600737AEA /* Products */;
			projectDirPath = "";
			projectRoot = "";
			targets = (
				33A147962832A78600737AEA /* iSpring */,
				33A147A62832A78D00737AEA /* iSpringTests */,
				33A147B02832A78D00737AEA /* iSpringUITests */,
			);
		};
/* End PBXProject section */

/* Begin PBXResourcesBuildPhase section */
		33A147952832A78600737AEA /* Resources */ = {
			isa = PBXResourcesBuildPhase;
			buildActionMask = 2147483647;
			files = (
				33A147A22832A78C00737AEA /* Preview Assets.xcassets in Resources */,
				33A1479F2832A78C00737AEA /* Assets.xcassets in Resources */,
				C6F3CE642833FF7F00CA607D /* GoogleService-Info.plist in Resources */,
			);
			runOnlyForDeploymentPostprocessing = 0;
		};
		33A147A52832A78D00737AEA /* Resources */ = {
			isa = PBXResourcesBuildPhase;
			buildActionMask = 2147483647;
			files = (
				C6F3CE652833FF7F00CA607D /* GoogleService-Info.plist in Resources */,
			);
			runOnlyForDeploymentPostprocessing = 0;
		};
		33A147AF2832A78D00737AEA /* Resources */ = {
			isa = PBXResourcesBuildPhase;
			buildActionMask = 2147483647;
			files = (
				C6F3CE662833FF7F00CA607D /* GoogleService-Info.plist in Resources */,
			);
			runOnlyForDeploymentPostprocessing = 0;
		};
/* End PBXResourcesBuildPhase section */

/* Begin PBXSourcesBuildPhase section */
		33A147932832A78600737AEA /* Sources */ = {
			isa = PBXSourcesBuildPhase;
			buildActionMask = 2147483647;
			files = (
				C6DC63FB2845561700F2C81A /* MessagesView.swift in Sources */,
				33A1479D2832A78600737AEA /* ContentView.swift in Sources */,
				C626D2A0284F0B15007C3B3E /* SideMenuOptionRowView.swift in Sources */,
				C6DC63EA284521F800F2C81A /* SpringFeedView.swift in Sources */,
				C6DC63FD2845562400F2C81A /* NotificationsView.swift in Sources */,
				C626D2A7284F8BE3007C3B3E /* NewSpringTextArea.swift in Sources */,
				C6DC64022845C9C800F2C81A /* ProfileView.swift in Sources */,
				C60786D42835F7F4009C7881 /* UserModel.swift in Sources */,
				C60786D62835F82D009C7881 /* ViewModel.swift in Sources */,
				C626D29E284EDF72007C3B3E /* SideMenuViewModel.swift in Sources */,
				C6DC63F9284555E300F2C81A /* SavedSpringsView.swift in Sources */,
				C626D29A284EDF47007C3B3E /* SideMenuView.swift in Sources */,
				C6DC63F0284552B200F2C81A /* MainTabView.swift in Sources */,
				C626D2A5284F8871007C3B3E /* NewSpringView.swift in Sources */,
				C6DC63ED2845232400F2C81A /* SpringRowView.swift in Sources */,
				C626D2B0284F9B4A007C3B3E /* RoundedShape.swift in Sources */,
				C626D295284EA423007C3B3E /* UserRowView.swift in Sources */,
				C626D2AE284F975C007C3B3E /* SignUpView.swift in Sources */,
				C626D2AC284F974E007C3B3E /* LoginView.swift in Sources */,
				C6DC63F7284555CB00F2C81A /* ExploreView.swift in Sources */,
				33A1479B2832A78600737AEA /* iSpringApp.swift in Sources */,
			);
			runOnlyForDeploymentPostprocessing = 0;
		};
		33A147A32832A78D00737AEA /* Sources */ = {
			isa = PBXSourcesBuildPhase;
			buildActionMask = 2147483647;
			files = (
				33A147AC2832A78D00737AEA /* iSpringTests.swift in Sources */,
			);
			runOnlyForDeploymentPostprocessing = 0;
		};
		33A147AD2832A78D00737AEA /* Sources */ = {
			isa = PBXSourcesBuildPhase;
			buildActionMask = 2147483647;
			files = (
				33A147B62832A78D00737AEA /* iSpringUITests.swift in Sources */,
				33A147B82832A78D00737AEA /* iSpringUITestsLaunchTests.swift in Sources */,
			);
			runOnlyForDeploymentPostprocessing = 0;
		};
/* End PBXSourcesBuildPhase section */

/* Begin PBXTargetDependency section */
		33A147A92832A78D00737AEA /* PBXTargetDependency */ = {
			isa = PBXTargetDependency;
			target = 33A147962832A78600737AEA /* iSpring */;
			targetProxy = 33A147A82832A78D00737AEA /* PBXContainerItemProxy */;
		};
		33A147B32832A78D00737AEA /* PBXTargetDependency */ = {
			isa = PBXTargetDependency;
			target = 33A147962832A78600737AEA /* iSpring */;
			targetProxy = 33A147B22832A78D00737AEA /* PBXContainerItemProxy */;
		};
/* End PBXTargetDependency section */

/* Begin XCBuildConfiguration section */
		33A147B92832A78D00737AEA /* Debug */ = {
			isa = XCBuildConfiguration;
			buildSettings = {
				ALWAYS_SEARCH_USER_PATHS = NO;
				CLANG_ANALYZER_NONNULL = YES;
				CLANG_ANALYZER_NUMBER_OBJECT_CONVERSION = YES_AGGRESSIVE;
				CLANG_CXX_LANGUAGE_STANDARD = "gnu++17";
				CLANG_CXX_LIBRARY = "libc++";
				CLANG_ENABLE_MODULES = YES;
				CLANG_ENABLE_OBJC_ARC = YES;
				CLANG_ENABLE_OBJC_WEAK = YES;
				CLANG_WARN_BLOCK_CAPTURE_AUTORELEASING = YES;
				CLANG_WARN_BOOL_CONVERSION = YES;
				CLANG_WARN_COMMA = YES;
				CLANG_WARN_CONSTANT_CONVERSION = YES;
				CLANG_WARN_DEPRECATED_OBJC_IMPLEMENTATIONS = YES;
				CLANG_WARN_DIRECT_OBJC_ISA_USAGE = YES_ERROR;
				CLANG_WARN_DOCUMENTATION_COMMENTS = YES;
				CLANG_WARN_EMPTY_BODY = YES;
				CLANG_WARN_ENUM_CONVERSION = YES;
				CLANG_WARN_INFINITE_RECURSION = YES;
				CLANG_WARN_INT_CONVERSION = YES;
				CLANG_WARN_NON_LITERAL_NULL_CONVERSION = YES;
				CLANG_WARN_OBJC_IMPLICIT_RETAIN_SELF = YES;
				CLANG_WARN_OBJC_LITERAL_CONVERSION = YES;
				CLANG_WARN_OBJC_ROOT_CLASS = YES_ERROR;
				CLANG_WARN_QUOTED_INCLUDE_IN_FRAMEWORK_HEADER = YES;
				CLANG_WARN_RANGE_LOOP_ANALYSIS = YES;
				CLANG_WARN_STRICT_PROTOTYPES = YES;
				CLANG_WARN_SUSPICIOUS_MOVE = YES;
				CLANG_WARN_UNGUARDED_AVAILABILITY = YES_AGGRESSIVE;
				CLANG_WARN_UNREACHABLE_CODE = YES;
				CLANG_WARN__DUPLICATE_METHOD_MATCH = YES;
				COPY_PHASE_STRIP = NO;
				DEBUG_INFORMATION_FORMAT = dwarf;
				ENABLE_STRICT_OBJC_MSGSEND = YES;
				ENABLE_TESTABILITY = YES;
				GCC_C_LANGUAGE_STANDARD = gnu11;
				GCC_DYNAMIC_NO_PIC = NO;
				GCC_NO_COMMON_BLOCKS = YES;
				GCC_OPTIMIZATION_LEVEL = 0;
				GCC_PREPROCESSOR_DEFINITIONS = (
					"DEBUG=1",
					"$(inherited)",
				);
				GCC_WARN_64_TO_32_BIT_CONVERSION = YES;
				GCC_WARN_ABOUT_RETURN_TYPE = YES_ERROR;
				GCC_WARN_UNDECLARED_SELECTOR = YES;
				GCC_WARN_UNINITIALIZED_AUTOS = YES_AGGRESSIVE;
				GCC_WARN_UNUSED_FUNCTION = YES;
				GCC_WARN_UNUSED_VARIABLE = YES;
				IPHONEOS_DEPLOYMENT_TARGET = 15.0;
				MTL_ENABLE_DEBUG_INFO = INCLUDE_SOURCE;
				MTL_FAST_MATH = YES;
				ONLY_ACTIVE_ARCH = YES;
				SDKROOT = iphoneos;
				SWIFT_ACTIVE_COMPILATION_CONDITIONS = DEBUG;
				SWIFT_OPTIMIZATION_LEVEL = "-Onone";
			};
			name = Debug;
		};
		33A147BA2832A78D00737AEA /* Release */ = {
			isa = XCBuildConfiguration;
			buildSettings = {
				ALWAYS_SEARCH_USER_PATHS = NO;
				CLANG_ANALYZER_NONNULL = YES;
				CLANG_ANALYZER_NUMBER_OBJECT_CONVERSION = YES_AGGRESSIVE;
				CLANG_CXX_LANGUAGE_STANDARD = "gnu++17";
				CLANG_CXX_LIBRARY = "libc++";
				CLANG_ENABLE_MODULES = YES;
				CLANG_ENABLE_OBJC_ARC = YES;
				CLANG_ENABLE_OBJC_WEAK = YES;
				CLANG_WARN_BLOCK_CAPTURE_AUTORELEASING = YES;
				CLANG_WARN_BOOL_CONVERSION = YES;
				CLANG_WARN_COMMA = YES;
				CLANG_WARN_CONSTANT_CONVERSION = YES;
				CLANG_WARN_DEPRECATED_OBJC_IMPLEMENTATIONS = YES;
				CLANG_WARN_DIRECT_OBJC_ISA_USAGE = YES_ERROR;
				CLANG_WARN_DOCUMENTATION_COMMENTS = YES;
				CLANG_WARN_EMPTY_BODY = YES;
				CLANG_WARN_ENUM_CONVERSION = YES;
				CLANG_WARN_INFINITE_RECURSION = YES;
				CLANG_WARN_INT_CONVERSION = YES;
				CLANG_WARN_NON_LITERAL_NULL_CONVERSION = YES;
				CLANG_WARN_OBJC_IMPLICIT_RETAIN_SELF = YES;
				CLANG_WARN_OBJC_LITERAL_CONVERSION = YES;
				CLANG_WARN_OBJC_ROOT_CLASS = YES_ERROR;
				CLANG_WARN_QUOTED_INCLUDE_IN_FRAMEWORK_HEADER = YES;
				CLANG_WARN_RANGE_LOOP_ANALYSIS = YES;
				CLANG_WARN_STRICT_PROTOTYPES = YES;
				CLANG_WARN_SUSPICIOUS_MOVE = YES;
				CLANG_WARN_UNGUARDED_AVAILABILITY = YES_AGGRESSIVE;
				CLANG_WARN_UNREACHABLE_CODE = YES;
				CLANG_WARN__DUPLICATE_METHOD_MATCH = YES;
				COPY_PHASE_STRIP = NO;
				DEBUG_INFORMATION_FORMAT = "dwarf-with-dsym";
				ENABLE_NS_ASSERTIONS = NO;
				ENABLE_STRICT_OBJC_MSGSEND = YES;
				GCC_C_LANGUAGE_STANDARD = gnu11;
				GCC_NO_COMMON_BLOCKS = YES;
				GCC_WARN_64_TO_32_BIT_CONVERSION = YES;
				GCC_WARN_ABOUT_RETURN_TYPE = YES_ERROR;
				GCC_WARN_UNDECLARED_SELECTOR = YES;
				GCC_WARN_UNINITIALIZED_AUTOS = YES_AGGRESSIVE;
				GCC_WARN_UNUSED_FUNCTION = YES;
				GCC_WARN_UNUSED_VARIABLE = YES;
				IPHONEOS_DEPLOYMENT_TARGET = 15.0;
				MTL_ENABLE_DEBUG_INFO = NO;
				MTL_FAST_MATH = YES;
				SDKROOT = iphoneos;
				SWIFT_COMPILATION_MODE = wholemodule;
				SWIFT_OPTIMIZATION_LEVEL = "-O";
				VALIDATE_PRODUCT = YES;
			};
			name = Release;
		};
		33A147BC2832A78D00737AEA /* Debug */ = {
			isa = XCBuildConfiguration;
			buildSettings = {
				ASSETCATALOG_COMPILER_APPICON_NAME = AppIcon;
				ASSETCATALOG_COMPILER_GLOBAL_ACCENT_COLOR_NAME = AccentColor;
				CODE_SIGN_STYLE = Automatic;
				CURRENT_PROJECT_VERSION = 1;
				DEVELOPMENT_ASSET_PATHS = "\"iSpring/Preview Content\"";
				ENABLE_PREVIEWS = YES;
				GENERATE_INFOPLIST_FILE = YES;
				INFOPLIST_KEY_UIApplicationSceneManifest_Generation = YES;
				INFOPLIST_KEY_UIApplicationSupportsIndirectInputEvents = YES;
				INFOPLIST_KEY_UILaunchScreen_Generation = YES;
				INFOPLIST_KEY_UISupportedInterfaceOrientations_iPad = "UIInterfaceOrientationPortrait UIInterfaceOrientationPortraitUpsideDown UIInterfaceOrientationLandscapeLeft UIInterfaceOrientationLandscapeRight";
				INFOPLIST_KEY_UISupportedInterfaceOrientations_iPhone = "UIInterfaceOrientationPortrait UIInterfaceOrientationLandscapeLeft UIInterfaceOrientationLandscapeRight";
				LD_RUNPATH_SEARCH_PATHS = (
					"$(inherited)",
					"@executable_path/Frameworks",
				);
				MARKETING_VERSION = 1.0;
				PRODUCT_BUNDLE_IDENTIFIER = "Zuhair-Shaikh.iSpring";
				PRODUCT_NAME = "$(TARGET_NAME)";
				SWIFT_EMIT_LOC_STRINGS = YES;
				SWIFT_VERSION = 5.0;
				TARGETED_DEVICE_FAMILY = "1,2";
			};
			name = Debug;
		};
		33A147BD2832A78D00737AEA /* Release */ = {
			isa = XCBuildConfiguration;
			buildSettings = {
				ASSETCATALOG_COMPILER_APPICON_NAME = AppIcon;
				ASSETCATALOG_COMPILER_GLOBAL_ACCENT_COLOR_NAME = AccentColor;
				CODE_SIGN_STYLE = Automatic;
				CURRENT_PROJECT_VERSION = 1;
				DEVELOPMENT_ASSET_PATHS = "\"iSpring/Preview Content\"";
				ENABLE_PREVIEWS = YES;
				GENERATE_INFOPLIST_FILE = YES;
				INFOPLIST_KEY_UIApplicationSceneManifest_Generation = YES;
				INFOPLIST_KEY_UIApplicationSupportsIndirectInputEvents = YES;
				INFOPLIST_KEY_UILaunchScreen_Generation = YES;
				INFOPLIST_KEY_UISupportedInterfaceOrientations_iPad = "UIInterfaceOrientationPortrait UIInterfaceOrientationPortraitUpsideDown UIInterfaceOrientationLandscapeLeft UIInterfaceOrientationLandscapeRight";
				INFOPLIST_KEY_UISupportedInterfaceOrientations_iPhone = "UIInterfaceOrientationPortrait UIInterfaceOrientationLandscapeLeft UIInterfaceOrientationLandscapeRight";
				LD_RUNPATH_SEARCH_PATHS = (
					"$(inherited)",
					"@executable_path/Frameworks",
				);
				MARKETING_VERSION = 1.0;
				PRODUCT_BUNDLE_IDENTIFIER = "Zuhair-Shaikh.iSpring";
				PRODUCT_NAME = "$(TARGET_NAME)";
				SWIFT_EMIT_LOC_STRINGS = YES;
				SWIFT_VERSION = 5.0;
				TARGETED_DEVICE_FAMILY = "1,2";
			};
			name = Release;
		};
		33A147BF2832A78D00737AEA /* Debug */ = {
			isa = XCBuildConfiguration;
			buildSettings = {
				ALWAYS_EMBED_SWIFT_STANDARD_LIBRARIES = YES;
				BUNDLE_LOADER = "$(TEST_HOST)";
				CODE_SIGN_STYLE = Automatic;
				CURRENT_PROJECT_VERSION = 1;
				GENERATE_INFOPLIST_FILE = YES;
				IPHONEOS_DEPLOYMENT_TARGET = 15.0;
				LD_RUNPATH_SEARCH_PATHS = (
					"$(inherited)",
					"@executable_path/Frameworks",
					"@loader_path/Frameworks",
				);
				MARKETING_VERSION = 1.0;
				PRODUCT_BUNDLE_IDENTIFIER = "Zuhair-Shaikh.iSpringTests";
				PRODUCT_NAME = "$(TARGET_NAME)";
				SWIFT_EMIT_LOC_STRINGS = NO;
				SWIFT_VERSION = 5.0;
				TARGETED_DEVICE_FAMILY = "1,2";
				TEST_HOST = "$(BUILT_PRODUCTS_DIR)/iSpring.app/iSpring";
			};
			name = Debug;
		};
		33A147C02832A78D00737AEA /* Release */ = {
			isa = XCBuildConfiguration;
			buildSettings = {
				ALWAYS_EMBED_SWIFT_STANDARD_LIBRARIES = YES;
				BUNDLE_LOADER = "$(TEST_HOST)";
				CODE_SIGN_STYLE = Automatic;
				CURRENT_PROJECT_VERSION = 1;
				GENERATE_INFOPLIST_FILE = YES;
				IPHONEOS_DEPLOYMENT_TARGET = 15.0;
				LD_RUNPATH_SEARCH_PATHS = (
					"$(inherited)",
					"@executable_path/Frameworks",
					"@loader_path/Frameworks",
				);
				MARKETING_VERSION = 1.0;
				PRODUCT_BUNDLE_IDENTIFIER = "Zuhair-Shaikh.iSpringTests";
				PRODUCT_NAME = "$(TARGET_NAME)";
				SWIFT_EMIT_LOC_STRINGS = NO;
				SWIFT_VERSION = 5.0;
				TARGETED_DEVICE_FAMILY = "1,2";
				TEST_HOST = "$(BUILT_PRODUCTS_DIR)/iSpring.app/iSpring";
			};
			name = Release;
		};
		33A147C22832A78D00737AEA /* Debug */ = {
			isa = XCBuildConfiguration;
			buildSettings = {
				ALWAYS_EMBED_SWIFT_STANDARD_LIBRARIES = YES;
				CODE_SIGN_STYLE = Automatic;
				CURRENT_PROJECT_VERSION = 1;
				GENERATE_INFOPLIST_FILE = YES;
				LD_RUNPATH_SEARCH_PATHS = (
					"$(inherited)",
					"@executable_path/Frameworks",
					"@loader_path/Frameworks",
				);
				MARKETING_VERSION = 1.0;
				PRODUCT_BUNDLE_IDENTIFIER = "Zuhair-Shaikh.iSpringUITests";
				PRODUCT_NAME = "$(TARGET_NAME)";
				SWIFT_EMIT_LOC_STRINGS = NO;
				SWIFT_VERSION = 5.0;
				TARGETED_DEVICE_FAMILY = "1,2";
				TEST_TARGET_NAME = iSpring;
			};
			name = Debug;
		};
		33A147C32832A78D00737AEA /* Release */ = {
			isa = XCBuildConfiguration;
			buildSettings = {
				ALWAYS_EMBED_SWIFT_STANDARD_LIBRARIES = YES;
				CODE_SIGN_STYLE = Automatic;
				CURRENT_PROJECT_VERSION = 1;
				GENERATE_INFOPLIST_FILE = YES;
				LD_RUNPATH_SEARCH_PATHS = (
					"$(inherited)",
					"@executable_path/Frameworks",
					"@loader_path/Frameworks",
				);
				MARKETING_VERSION = 1.0;
				PRODUCT_BUNDLE_IDENTIFIER = "Zuhair-Shaikh.iSpringUITests";
				PRODUCT_NAME = "$(TARGET_NAME)";
				SWIFT_EMIT_LOC_STRINGS = NO;
				SWIFT_VERSION = 5.0;
				TARGETED_DEVICE_FAMILY = "1,2";
				TEST_TARGET_NAME = iSpring;
			};
			name = Release;
		};
/* End XCBuildConfiguration section */

/* Begin XCConfigurationList section */
		33A147922832A78600737AEA /* Build configuration list for PBXProject "iSpring" */ = {
			isa = XCConfigurationList;
			buildConfigurations = (
				33A147B92832A78D00737AEA /* Debug */,
				33A147BA2832A78D00737AEA /* Release */,
			);
			defaultConfigurationIsVisible = 0;
			defaultConfigurationName = Release;
		};
		33A147BB2832A78D00737AEA /* Build configuration list for PBXNativeTarget "iSpring" */ = {
			isa = XCConfigurationList;
			buildConfigurations = (
				33A147BC2832A78D00737AEA /* Debug */,
				33A147BD2832A78D00737AEA /* Release */,
			);
			defaultConfigurationIsVisible = 0;
			defaultConfigurationName = Release;
		};
		33A147BE2832A78D00737AEA /* Build configuration list for PBXNativeTarget "iSpringTests" */ = {
			isa = XCConfigurationList;
			buildConfigurations = (
				33A147BF2832A78D00737AEA /* Debug */,
				33A147C02832A78D00737AEA /* Release */,
			);
			defaultConfigurationIsVisible = 0;
			defaultConfigurationName = Release;
		};
		33A147C12832A78D00737AEA /* Build configuration list for PBXNativeTarget "iSpringUITests" */ = {
			isa = XCConfigurationList;
			buildConfigurations = (
				33A147C22832A78D00737AEA /* Debug */,
				33A147C32832A78D00737AEA /* Release */,
			);
			defaultConfigurationIsVisible = 0;
			defaultConfigurationName = Release;
		};
/* End XCConfigurationList section */

/* Begin XCRemoteSwiftPackageReference section */
		C68FCB0E283403EF000E4027 /* XCRemoteSwiftPackageReference "firebase-ios-sdk" */ = {
			isa = XCRemoteSwiftPackageReference;
			repositoryURL = "https://github.com/firebase/firebase-ios-sdk";
			requirement = {
				kind = upToNextMajorVersion;
				minimumVersion = 9.0.0;
			};
		};
/* End XCRemoteSwiftPackageReference section */

/* Begin XCSwiftPackageProductDependency section */
		C68FCB0F283403EF000E4027 /* FirebaseAnalytics */ = {
			isa = XCSwiftPackageProductDependency;
			package = C68FCB0E283403EF000E4027 /* XCRemoteSwiftPackageReference "firebase-ios-sdk" */;
			productName = FirebaseAnalytics;
		};
		C68FCB11283403EF000E4027 /* FirebaseAnalyticsWithoutAdIdSupport */ = {
			isa = XCSwiftPackageProductDependency;
			package = C68FCB0E283403EF000E4027 /* XCRemoteSwiftPackageReference "firebase-ios-sdk" */;
			productName = FirebaseAnalyticsWithoutAdIdSupport;
		};
		C68FCB13283403EF000E4027 /* FirebaseAuth */ = {
			isa = XCSwiftPackageProductDependency;
			package = C68FCB0E283403EF000E4027 /* XCRemoteSwiftPackageReference "firebase-ios-sdk" */;
			productName = FirebaseAuth;
		};
		C68FCB15283403EF000E4027 /* FirebaseFirestore */ = {
			isa = XCSwiftPackageProductDependency;
			package = C68FCB0E283403EF000E4027 /* XCRemoteSwiftPackageReference "firebase-ios-sdk" */;
			productName = FirebaseFirestore;
		};
/* End XCSwiftPackageProductDependency section */
	};
	rootObject = 33A1478F2832A78600737AEA /* Project object */;
}
